# This file is automatically @generated by Poetry 2.2.1 and should not be changed by hand.

[[package]]
name = "schedule"
version = "1.2.2"
description = "Job scheduling for humans."
optional = false
python-versions = ">=3.7"
groups = ["main"]
files = [
    {file = "schedule-1.2.2-py3-none-any.whl", hash = "sha256:5bef4a2a0183abf44046ae0d164cadcac21b1db011bdd8102e4a0c1e91e06a7d"},
    {file = "schedule-1.2.2.tar.gz", hash = "sha256:15fe9c75fe5fd9b9627f3f19cc0ef1420508f9f9a46f45cd0769ef75ede5f0b7"},
]

[package.extras]
timezone = ["pytz"]

[metadata]
lock-version = "2.1"
python-versions = ">=3.12"
content-hash = "255cb3e9b5bedf58cf584df483ae91b7b7b1d09b2e79cd5d2bf2683da28ab9c6"
